
Microsoft Visual Studio Solution File, Format Version 12.00
# Visual Studio 15
VisualStudioVersion = 15.0.26228.10
MinimumVisualStudioVersion = 10.0.40219.1
Project("{2150E333-8FDC-42A3-9474-1A3956D46DE8}") = "src", "src", "{07FDBE17-B1B6-4345-BC59-4CC9E94EC2B6}"
EndProject
Project("{2150E333-8FDC-42A3-9474-1A3956D46DE8}") = "Solution Items", "Solution Items", "{F0205012-5AAE-4010-ABD1-F254A94B28D0}"
EndProject
Project("{9A19103F-16F7-4668-BE54-9A1E7A4F7556}") = "MonitoringSystem", "src\MonitoringSystem\MonitoringSystem.csproj", "{4889E1B8-7AE3-4C83-B88E-1A01A2EAADCF}"
EndProject
Global
	GlobalSection(SolutionConfigurationPlatforms) = preSolution
		Debug|Any CPU = Debug|Any CPU
		Release|Any CPU = Release|Any CPU
	EndGlobalSection
	GlobalSection(ProjectConfigurationPlatforms) = postSolution
		{4889E1B8-7AE3-4C83-B88E-1A01A2EAADCF}.Debug|Any CPU.ActiveCfg = Debug|Any CPU
		{4889E1B8-7AE3-4C83-B88E-1A01A2EAADCF}.Debug|Any CPU.Build.0 = Debug|Any CPU
		{4889E1B8-7AE3-4C83-B88E-1A01A2EAADCF}.Release|Any CPU.ActiveCfg = Release|Any CPU
		{4889E1B8-7AE3-4C83-B88E-1A01A2EAADCF}.Release|Any CPU.Build.0 = Release|Any CPU
	EndGlobalSection
	GlobalSection(SolutionProperties) = preSolution
		HideSolutionNode = FALSE
	EndGlobalSection
	GlobalSection(NestedProjects) = preSolution
		{4889E1B8-7AE3-4C83-B88E-1A01A2EAADCF} = {07FDBE17-B1B6-4345-BC59-4CC9E94EC2B6}
	EndGlobalSection
EndGlobal
